
Microsoft Visual Studio Solution File, Format Version 12.00
# Visual Studio Version 16
VisualStudioVersion = 16.0.29209.62
MinimumVisualStudioVersion = 10.0.40219.1
Project("{F184B08F-C81C-45F6-A57F-5ABD9991F28F}") = "ScanExact", "ScanExact.vbproj", "{8DD45AEF-2DB2-435B-80EB-0DDA857842EC}"
EndProject
Global
	GlobalSection(SolutionConfigurationPlatforms) = preSolution
		Debug|Any CPU = Debug|Any CPU
		Debug|x64 = Debug|x64
		Debug|x86 = Debug|x86
		Release|Any CPU = Release|Any CPU
		Release|x64 = Release|x64
		Release|x86 = Release|x86
	EndGlobalSection
	GlobalSection(ProjectConfigurationPlatforms) = postSolution
		{8DD45AEF-2DB2-435B-80EB-0DDA857842EC}.Debug|Any CPU.ActiveCfg = Debug|Any CPU
		{8DD45AEF-2DB2-435B-80EB-0DDA857842EC}.Debug|Any CPU.Build.0 = Debug|Any CPU
		{8DD45AEF-2DB2-435B-80EB-0DDA857842EC}.Debug|x64.ActiveCfg = Debug|x64
		{8DD45AEF-2DB2-435B-80EB-0DDA857842EC}.Debug|x64.Build.0 = Debug|x64
		{8DD45AEF-2DB2-435B-80EB-0DDA857842EC}.Debug|x86.ActiveCfg = Debug|x86
		{8DD45AEF-2DB2-435B-80EB-0DDA857842EC}.Debug|x86.Build.0 = Debug|x86
		{8DD45AEF-2DB2-435B-80EB-0DDA857842EC}.Release|Any CPU.ActiveCfg = Release|Any CPU
		{8DD45AEF-2DB2-435B-80EB-0DDA857842EC}.Release|Any CPU.Build.0 = Release|Any CPU
		{8DD45AEF-2DB2-435B-80EB-0DDA857842EC}.Release|x64.ActiveCfg = Release|x64
		{8DD45AEF-2DB2-435B-80EB-0DDA857842EC}.Release|x64.Build.0 = Release|x64
		{8DD45AEF-2DB2-435B-80EB-0DDA857842EC}.Release|x86.ActiveCfg = Release|x86
		{8DD45AEF-2DB2-435B-80EB-0DDA857842EC}.Release|x86.Build.0 = Release|x86
	EndGlobalSection
	GlobalSection(SolutionProperties) = preSolution
		HideSolutionNode = FALSE
	EndGlobalSection
	GlobalSection(ExtensibilityGlobals) = postSolution
		SolutionGuid = {1212ABA1-216F-491B-B430-8AC943518FC0}
	EndGlobalSection
EndGlobal
